
Microsoft Visual Studio Solution File, Format Version 12.00
# Visual Studio Version 17
VisualStudioVersion = 17.7.34202.233
MinimumVisualStudioVersion = 10.0.40219.1
Project("{9A19103F-16F7-4668-BE54-9A1E7A4F7556}") = "CarRentalManagement.Server", "CarRentalManagement\Server\CarRentalManagement.Server.csproj", "{B3165A69-DBB4-4E25-9A11-A45D61C6E2D1}"
EndProject
Project("{9A19103F-16F7-4668-BE54-9A1E7A4F7556}") = "CarRentalManagement.Client", "CarRentalManagement\Client\CarRentalManagement.Client.csproj", "{14E45C16-6274-4980-AA83-D04104B7A96C}"
EndProject
Project("{9A19103F-16F7-4668-BE54-9A1E7A4F7556}") = "CarRentalManagement.Shared", "CarRentalManagement\Shared\CarRentalManagement.Shared.csproj", "{361D93D2-6E54-4159-A9C4-7E9F7FB760FD}"
EndProject
Global
	GlobalSection(SolutionConfigurationPlatforms) = preSolution
		Debug|Any CPU = Debug|Any CPU
		Release|Any CPU = Release|Any CPU
	EndGlobalSection
	GlobalSection(ProjectConfigurationPlatforms) = postSolution
		{B3165A69-DBB4-4E25-9A11-A45D61C6E2D1}.Debug|Any CPU.ActiveCfg = Debug|Any CPU
		{B3165A69-DBB4-4E25-9A11-A45D61C6E2D1}.Debug|Any CPU.Build.0 = Debug|Any CPU
		{B3165A69-DBB4-4E25-9A11-A45D61C6E2D1}.Release|Any CPU.ActiveCfg = Release|Any CPU
		{B3165A69-DBB4-4E25-9A11-A45D61C6E2D1}.Release|Any CPU.Build.0 = Release|Any CPU
		{14E45C16-6274-4980-AA83-D04104B7A96C}.Debug|Any CPU.ActiveCfg = Debug|Any CPU
		{14E45C16-6274-4980-AA83-D04104B7A96C}.Debug|Any CPU.Build.0 = Debug|Any CPU
		{14E45C16-6274-4980-AA83-D04104B7A96C}.Release|Any CPU.ActiveCfg = Release|Any CPU
		{14E45C16-6274-4980-AA83-D04104B7A96C}.Release|Any CPU.Build.0 = Release|Any CPU
		{361D93D2-6E54-4159-A9C4-7E9F7FB760FD}.Debug|Any CPU.ActiveCfg = Debug|Any CPU
		{361D93D2-6E54-4159-A9C4-7E9F7FB760FD}.Debug|Any CPU.Build.0 = Debug|Any CPU
		{361D93D2-6E54-4159-A9C4-7E9F7FB760FD}.Release|Any CPU.ActiveCfg = Release|Any CPU
		{361D93D2-6E54-4159-A9C4-7E9F7FB760FD}.Release|Any CPU.Build.0 = Release|Any CPU
	EndGlobalSection
	GlobalSection(SolutionProperties) = preSolution
		HideSolutionNode = FALSE
	EndGlobalSection
	GlobalSection(ExtensibilityGlobals) = postSolution
		SolutionGuid = {CC1EF640-DED5-4E63-AA0E-9B8FBBE24D53}
	EndGlobalSection
EndGlobal
